// !$*UTF8*$!
{
	archiveVersion = 1;
	classes = {
	};
	objectVersion = 54;
	objects = {

/* Begin PBXBuildFile section */
		00E356F31AD99517003FC87E /* app_coreTests.m in Sources */ = {isa = PBXBuildFile; fileRef = 00E356F21AD99517003FC87E /* app_coreTests.m */; };
		0C80B921A6F3F58F76C31292 /* libPods-app_core.a in Frameworks */ = {isa = PBXBuildFile; fileRef = 5DCACB8F33CDC322A6C60F78 /* libPods-app_core.a */; };
		13B07FBC1A68108700A75B9A /* AppDelegate.mm in Sources */ = {isa = PBXBuildFile; fileRef = 13B07FB01A68108700A75B9A /* AppDelegate.mm */; };
		13B07FBF1A68108700A75B9A /* Images.xcassets in Resources */ = {isa = PBXBuildFile; fileRef = 13B07FB51A68108700A75B9A /* Images.xcassets */; };
		13B07FC11A68108700A75B9A /* main.m in Sources */ = {isa = PBXBuildFile; fileRef = 13B07FB71A68108700A75B9A /* main.m */; };
		7699B88040F8A987B510C191 /* libPods-app_core-app_coreTests.a in Frameworks */ = {isa = PBXBuildFile; fileRef = 19F6CBCC0A4E27FBF8BF4A61 /* libPods-app_core-app_coreTests.a */; };
		81AB9BB82411601600AC10FF /* LaunchScreen.storyboard in Resources */ = {isa = PBXBuildFile; fileRef = 81AB9BB72411601600AC10FF /* LaunchScreen.storyboard */; };
		E95DC04A50A54A3E89F5C7F8 /* HelveticaNeue-Bold.otf in Resources */ = {isa = PBXBuildFile; fileRef = B99800B92901419DA7898955 /* HelveticaNeue-Bold.otf */; };
		CDC58ABC1B7649B297E3944A /* HelveticaNeue-Bold.otf in Resources */ = {isa = PBXBuildFile; fileRef = B99800B92901419DA7898955 /* HelveticaNeue-Bold.otf */; };
		6DE5A384AB30493D82564709 /* HelveticaNeue-BoldItalic.otf in Resources */ = {isa = PBXBuildFile; fileRef = 4E8A958A21CC4F4D9F60C375 /* HelveticaNeue-BoldItalic.otf */; };
		D5CEBBD5FD5E41F198D4860F /* HelveticaNeue-BoldItalic.otf in Resources */ = {isa = PBXBuildFile; fileRef = 4E8A958A21CC4F4D9F60C375 /* HelveticaNeue-BoldItalic.otf */; };
		1E24D42C08144375A5185E0A /* HelveticaNeue-CondensedBlack.otf in Resources */ = {isa = PBXBuildFile; fileRef = B3DB9F057CE64AA1A9758273 /* HelveticaNeue-CondensedBlack.otf */; };
		4568D4A8297742A1BB76E8D9 /* HelveticaNeue-CondensedBlack.otf in Resources */ = {isa = PBXBuildFile; fileRef = B3DB9F057CE64AA1A9758273 /* HelveticaNeue-CondensedBlack.otf */; };
		DEBE6653DE2C439DB6507428 /* HelveticaNeue-CondensedBold.otf in Resources */ = {isa = PBXBuildFile; fileRef = F74F6A3CBF664ACC8F850BE9 /* HelveticaNeue-CondensedBold.otf */; };
		3C9235A467284D2E9CFC0D77 /* HelveticaNeue-CondensedBold.otf in Resources */ = {isa = PBXBuildFile; fileRef = F74F6A3CBF664ACC8F850BE9 /* HelveticaNeue-CondensedBold.otf */; };
		96DC02C1E8444D0CBCF0CE0A /* HelveticaNeue-Italic.otf in Resources */ = {isa = PBXBuildFile; fileRef = 20A8CEE92F534C0E90043A98 /* HelveticaNeue-Italic.otf */; };
		640FD2AD86E74ECA9595CECA /* HelveticaNeue-Italic.otf in Resources */ = {isa = PBXBuildFile; fileRef = 20A8CEE92F534C0E90043A98 /* HelveticaNeue-Italic.otf */; };
		924F30F836824CECA471C868 /* HelveticaNeue-Light.otf in Resources */ = {isa = PBXBuildFile; fileRef = 3911E941B1624DEBB6177813 /* HelveticaNeue-Light.otf */; };
		9A5782DC0E60410188906293 /* HelveticaNeue-Light.otf in Resources */ = {isa = PBXBuildFile; fileRef = 3911E941B1624DEBB6177813 /* HelveticaNeue-Light.otf */; };
		8C6ACE2E6BDF408B9017C0BA /* HelveticaNeue-LightItalic.otf in Resources */ = {isa = PBXBuildFile; fileRef = 19CB9303DFB2445FB0A0ACDB /* HelveticaNeue-LightItalic.otf */; };
		E064F24742BD45229B1DDD2E /* HelveticaNeue-LightItalic.otf in Resources */ = {isa = PBXBuildFile; fileRef = 19CB9303DFB2445FB0A0ACDB /* HelveticaNeue-LightItalic.otf */; };
		103D1D41A7264336B2A99377 /* HelveticaNeue-Medium.otf in Resources */ = {isa = PBXBuildFile; fileRef = 3BC82E30B94444FB9C668094 /* HelveticaNeue-Medium.otf */; };
		DDDD7F820F0C453AB5CCCE42 /* HelveticaNeue-Medium.otf in Resources */ = {isa = PBXBuildFile; fileRef = 3BC82E30B94444FB9C668094 /* HelveticaNeue-Medium.otf */; };
		E540EA101BC84D199E0E9DE5 /* HelveticaNeue-UltraLight.otf in Resources */ = {isa = PBXBuildFile; fileRef = A1730BDE41A44F14BAB34AEE /* HelveticaNeue-UltraLight.otf */; };
		C2AFF92FA8BE4F3794225F66 /* HelveticaNeue-UltraLight.otf in Resources */ = {isa = PBXBuildFile; fileRef = A1730BDE41A44F14BAB34AEE /* HelveticaNeue-UltraLight.otf */; };
		94C5F8A135FE47EB901390C5 /* HelveticaNeue-UltraLightItalic.otf in Resources */ = {isa = PBXBuildFile; fileRef = C0E288C37E1C4F10BAB555A6 /* HelveticaNeue-UltraLightItalic.otf */; };
		FEB34B6D8C9F4026A9AB5E98 /* HelveticaNeue-UltraLightItalic.otf in Resources */ = {isa = PBXBuildFile; fileRef = C0E288C37E1C4F10BAB555A6 /* HelveticaNeue-UltraLightItalic.otf */; };
		9D413210DE0E4B549D64AEAE /* HelveticaNeue.otf in Resources */ = {isa = PBXBuildFile; fileRef = 8B4F7D45C14141FF8B319ACB /* HelveticaNeue.otf */; };
		BFD9D311DF214DD483B7A7EE /* HelveticaNeue.otf in Resources */ = {isa = PBXBuildFile; fileRef = 8B4F7D45C14141FF8B319ACB /* HelveticaNeue.otf */; };
		178308B1BBB94FD5927D1867 /* helvetica-neue-bold-italic.ttf in Resources */ = {isa = PBXBuildFile; fileRef = 71D41D41129E4AD0A6F28CB6 /* helvetica-neue-bold-italic.ttf */; };
		0178E01B4E6541F680618148 /* helvetica-neue-bold-italic.ttf in Resources */ = {isa = PBXBuildFile; fileRef = 71D41D41129E4AD0A6F28CB6 /* helvetica-neue-bold-italic.ttf */; };
		295DF41422EB4C12A147F25E /* helvetica-neue-bold.ttf in Resources */ = {isa = PBXBuildFile; fileRef = A98BF34AD52B42B2AD2E3EBC /* helvetica-neue-bold.ttf */; };
		E2B5C3326375459FA1683F1A /* helvetica-neue-bold.ttf in Resources */ = {isa = PBXBuildFile; fileRef = A98BF34AD52B42B2AD2E3EBC /* helvetica-neue-bold.ttf */; };
		CC2D4024C27D432186D09AC6 /* helvetica-neue-condensed-black.ttf in Resources */ = {isa = PBXBuildFile; fileRef = 575DA7C419624720B8894BE8 /* helvetica-neue-condensed-black.ttf */; };
		D4C6FB48084D4DF68524B354 /* helvetica-neue-condensed-black.ttf in Resources */ = {isa = PBXBuildFile; fileRef = 575DA7C419624720B8894BE8 /* helvetica-neue-condensed-black.ttf */; };
		1DBC1D7989F24FB888BA450A /* helvetica-neue-condensed-bold.ttf in Resources */ = {isa = PBXBuildFile; fileRef = E32A15D448DB4C459A3AD5BA /* helvetica-neue-condensed-bold.ttf */; };
		B1BB9F4E77384194BD990A80 /* helvetica-neue-condensed-bold.ttf in Resources */ = {isa = PBXBuildFile; fileRef = E32A15D448DB4C459A3AD5BA /* helvetica-neue-condensed-bold.ttf */; };
		E4DD1208C86E4DAC93523F28 /* helvetica-neue-italic.ttf in Resources */ = {isa = PBXBuildFile; fileRef = 8EFCB4294395452BABE42454 /* helvetica-neue-italic.ttf */; };
		0C13C0BAE0D84904AF5FF61E /* helvetica-neue-italic.ttf in Resources */ = {isa = PBXBuildFile; fileRef = 8EFCB4294395452BABE42454 /* helvetica-neue-italic.ttf */; };
		E472C55BBFE248DDB75684BB /* helvetica-neue-light-italic.ttf in Resources */ = {isa = PBXBuildFile; fileRef = B180FE511C3A456FBCFF965C /* helvetica-neue-light-italic.ttf */; };
		F22161EBF17A4782A3FCB555 /* helvetica-neue-light-italic.ttf in Resources */ = {isa = PBXBuildFile; fileRef = B180FE511C3A456FBCFF965C /* helvetica-neue-light-italic.ttf */; };
		2DDE4069BB714CF7BDB9A2C7 /* helvetica-neue-light.ttf in Resources */ = {isa = PBXBuildFile; fileRef = EDAE6B74554949F0B38CED47 /* helvetica-neue-light.ttf */; };
		A3E0AEB46DCF42C886BFA699 /* helvetica-neue-light.ttf in Resources */ = {isa = PBXBuildFile; fileRef = EDAE6B74554949F0B38CED47 /* helvetica-neue-light.ttf */; };
		7DFAFFFCD11143D8AD261B69 /* helvetica-neue-medium.ttf in Resources */ = {isa = PBXBuildFile; fileRef = D6CCB4FD069B42DDB6FE39FE /* helvetica-neue-medium.ttf */; };
		C88DDD4ACAB645AEBC920AA6 /* helvetica-neue-medium.ttf in Resources */ = {isa = PBXBuildFile; fileRef = D6CCB4FD069B42DDB6FE39FE /* helvetica-neue-medium.ttf */; };
		EE73AACFD1D9472C9E6133EE /* helvetica-neue-regular.ttf in Resources */ = {isa = PBXBuildFile; fileRef = D50D438C693B4957AC71BA72 /* helvetica-neue-regular.ttf */; };
		E79986E9DE6C4AD994D625CE /* helvetica-neue-regular.ttf in Resources */ = {isa = PBXBuildFile; fileRef = D50D438C693B4957AC71BA72 /* helvetica-neue-regular.ttf */; };
		0834E37A896F4014953F097A /* helvetica-neue-ultra-light-italic.ttf in Resources */ = {isa = PBXBuildFile; fileRef = 287B015FAED8457B9F4E690F /* helvetica-neue-ultra-light-italic.ttf */; };
		234D3138420D49BEA8526B4D /* helvetica-neue-ultra-light-italic.ttf in Resources */ = {isa = PBXBuildFile; fileRef = 287B015FAED8457B9F4E690F /* helvetica-neue-ultra-light-italic.ttf */; };
		4A3AD4D26A5541D9AAA20152 /* helvetica-neue-ultra-light.ttf in Resources */ = {isa = PBXBuildFile; fileRef = 2FA08D95C8EC4EBC957DF8F6 /* helvetica-neue-ultra-light.ttf */; };
		90533C2EDCDE46F09111E516 /* helvetica-neue-ultra-light.ttf in Resources */ = {isa = PBXBuildFile; fileRef = 2FA08D95C8EC4EBC957DF8F6 /* helvetica-neue-ultra-light.ttf */; };
		A2B17ED7A76F4356A7D919D0 /* helveticaneue.ttf in Resources */ = {isa = PBXBuildFile; fileRef = 739023C7EA5E44AFBC32AE6D /* helveticaneue.ttf */; };
		8EDAC70A9A67431089F5996D /* helveticaneue.ttf in Resources */ = {isa = PBXBuildFile; fileRef = 739023C7EA5E44AFBC32AE6D /* helveticaneue.ttf */; };
		9BEEFAD6077646068DA33036 /* helveticaneuebold.ttf in Resources */ = {isa = PBXBuildFile; fileRef = 21B1777693694BFAA5CFA993 /* helveticaneuebold.ttf */; };
		E57A5E6D3365491CBABBB587 /* helveticaneuebold.ttf in Resources */ = {isa = PBXBuildFile; fileRef = 21B1777693694BFAA5CFA993 /* helveticaneuebold.ttf */; };
		7CDA4EDEEF3640AD8C102577 /* helveticaneuebolditalic.ttf in Resources */ = {isa = PBXBuildFile; fileRef = E3F2E67EDBFA40568A85BCFD /* helveticaneuebolditalic.ttf */; };
		B3A0F019F2504DED99D43153 /* helveticaneuebolditalic.ttf in Resources */ = {isa = PBXBuildFile; fileRef = E3F2E67EDBFA40568A85BCFD /* helveticaneuebolditalic.ttf */; };
		1592324406F44DEEBA02EEB7 /* helveticaneuecondensedblack.ttf in Resources */ = {isa = PBXBuildFile; fileRef = 70364292826E4061B2D1C558 /* helveticaneuecondensedblack.ttf */; };
		11F71F7B2564413BB6D8F175 /* helveticaneuecondensedblack.ttf in Resources */ = {isa = PBXBuildFile; fileRef = 70364292826E4061B2D1C558 /* helveticaneuecondensedblack.ttf */; };
		7414EBEF18C4427D87EEB965 /* helveticaneuecondensedbold.ttf in Resources */ = {isa = PBXBuildFile; fileRef = 0C0C142B0810467CB9041416 /* helveticaneuecondensedbold.ttf */; };
		776341DB74794061843A67E3 /* helveticaneuecondensedbold.ttf in Resources */ = {isa = PBXBuildFile; fileRef = 0C0C142B0810467CB9041416 /* helveticaneuecondensedbold.ttf */; };
		42B1DA4ED7F84A1AABB30254 /* helveticaneueitalic.ttf in Resources */ = {isa = PBXBuildFile; fileRef = 0E8F5F27C41D451188AF9F74 /* helveticaneueitalic.ttf */; };
		7F84D2C3F24E4940B3F6EC54 /* helveticaneueitalic.ttf in Resources */ = {isa = PBXBuildFile; fileRef = 0E8F5F27C41D451188AF9F74 /* helveticaneueitalic.ttf */; };
		D7598368C8ED4A0487E320A0 /* helveticaneuelight.ttf in Resources */ = {isa = PBXBuildFile; fileRef = 97F2DD3711C247F0AC262883 /* helveticaneuelight.ttf */; };
		E66BBAB575E84A7B9EB92BAC /* helveticaneuelight.ttf in Resources */ = {isa = PBXBuildFile; fileRef = 97F2DD3711C247F0AC262883 /* helveticaneuelight.ttf */; };
		0A1C6507C434484197155024 /* helveticaneuelightitalic.ttf in Resources */ = {isa = PBXBuildFile; fileRef = 2CD3565D3E3044D89418ABC6 /* helveticaneuelightitalic.ttf */; };
		26CC1552061542EE89FDB6F4 /* helveticaneuelightitalic.ttf in Resources */ = {isa = PBXBuildFile; fileRef = 2CD3565D3E3044D89418ABC6 /* helveticaneuelightitalic.ttf */; };
		399E81736AAE4D6484365BAA /* helveticaneuemedium.ttf in Resources */ = {isa = PBXBuildFile; fileRef = DD736E6CCED74534A8D14605 /* helveticaneuemedium.ttf */; };
		B68BFE43A2854B0C8E922280 /* helveticaneuemedium.ttf in Resources */ = {isa = PBXBuildFile; fileRef = DD736E6CCED74534A8D14605 /* helveticaneuemedium.ttf */; };
		C00C6883B299474DBC1B8464 /* helveticaneueultralight.ttf in Resources */ = {isa = PBXBuildFile; fileRef = 98FE53C899A84172BB62B182 /* helveticaneueultralight.ttf */; };
		F020A91CEA5B43A19236639B /* helveticaneueultralight.ttf in Resources */ = {isa = PBXBuildFile; fileRef = 98FE53C899A84172BB62B182 /* helveticaneueultralight.ttf */; };
		E7B0E1AA1FCA4C14B41FBB69 /* helveticaneueultralightitalic.ttf in Resources */ = {isa = PBXBuildFile; fileRef = 9A5B418A17EF410DA101E48B /* helveticaneueultralightitalic.ttf */; };
		5C684F465CD14B7B9676830E /* helveticaneueultralightitalic.ttf in Resources */ = {isa = PBXBuildFile; fileRef = 9A5B418A17EF410DA101E48B /* helveticaneueultralightitalic.ttf */; };
		573F41469B7340A4BBB2C864 /* IntelOneMono-Bold.ttf in Resources */ = {isa = PBXBuildFile; fileRef = BB696C79EE5F4EE08BD3E616 /* IntelOneMono-Bold.ttf */; };
		1A9BF19ADDC8475F824E86C8 /* IntelOneMono-Bold.ttf in Resources */ = {isa = PBXBuildFile; fileRef = BB696C79EE5F4EE08BD3E616 /* IntelOneMono-Bold.ttf */; };
		75D2BEE994D04B4FB3245713 /* IntelOneMono-BoldItalic.ttf in Resources */ = {isa = PBXBuildFile; fileRef = 5FA912C9B69E40BD9504199F /* IntelOneMono-BoldItalic.ttf */; };
		9ACAFBC4B6E2432495B2C988 /* IntelOneMono-BoldItalic.ttf in Resources */ = {isa = PBXBuildFile; fileRef = 5FA912C9B69E40BD9504199F /* IntelOneMono-BoldItalic.ttf */; };
		EE15C08A05C540A3AC96BCB7 /* IntelOneMono-Italic.ttf in Resources */ = {isa = PBXBuildFile; fileRef = DF82C7FE0C7648D3AA7648DE /* IntelOneMono-Italic.ttf */; };
		7E31BAE81DCC4B8382FB3623 /* IntelOneMono-Italic.ttf in Resources */ = {isa = PBXBuildFile; fileRef = DF82C7FE0C7648D3AA7648DE /* IntelOneMono-Italic.ttf */; };
		386ACBD6F05D4CB39FB7F834 /* IntelOneMono-Light.ttf in Resources */ = {isa = PBXBuildFile; fileRef = 7CFACCB149B44955912709AC /* IntelOneMono-Light.ttf */; };
		7098E35C82394F09B3B55B93 /* IntelOneMono-Light.ttf in Resources */ = {isa = PBXBuildFile; fileRef = 7CFACCB149B44955912709AC /* IntelOneMono-Light.ttf */; };
		23A455FFA10448DC97D493C0 /* IntelOneMono-LightItalic.ttf in Resources */ = {isa = PBXBuildFile; fileRef = A979FF248C264080A901190E /* IntelOneMono-LightItalic.ttf */; };
		355CF4FABA5D4D5FBEFE9F04 /* IntelOneMono-LightItalic.ttf in Resources */ = {isa = PBXBuildFile; fileRef = A979FF248C264080A901190E /* IntelOneMono-LightItalic.ttf */; };
		7DD634A4DD6842D2BB9A442A /* IntelOneMono-Medium.ttf in Resources */ = {isa = PBXBuildFile; fileRef = 1C0221CD8AC6462CBCF89269 /* IntelOneMono-Medium.ttf */; };
		BD1127498E294EE283D48CC7 /* IntelOneMono-Medium.ttf in Resources */ = {isa = PBXBuildFile; fileRef = 1C0221CD8AC6462CBCF89269 /* IntelOneMono-Medium.ttf */; };
		EFE7ABB8C64D4A61849073CA /* IntelOneMono-MediumItalic.ttf in Resources */ = {isa = PBXBuildFile; fileRef = A941BAC823AD495DA7BA5492 /* IntelOneMono-MediumItalic.ttf */; };
		A3C94E90A8164F77B7DAF5AD /* IntelOneMono-MediumItalic.ttf in Resources */ = {isa = PBXBuildFile; fileRef = A941BAC823AD495DA7BA5492 /* IntelOneMono-MediumItalic.ttf */; };
		CC31D8C5B9EF4AD990C7E1C6 /* IntelOneMono-Regular.ttf in Resources */ = {isa = PBXBuildFile; fileRef = C8BD95DA998F4247B20C247F /* IntelOneMono-Regular.ttf */; };
		0DDFE3D7C06F4454946DFAE1 /* IntelOneMono-Regular.ttf in Resources */ = {isa = PBXBuildFile; fileRef = C8BD95DA998F4247B20C247F /* IntelOneMono-Regular.ttf */; };
		A34AE4786C4D453EBC491690 /* IntelOneMono-SemiBold.ttf in Resources */ = {isa = PBXBuildFile; fileRef = FDD10BB505BD4EE0889C7D9F /* IntelOneMono-SemiBold.ttf */; };
		0C5595903D0046B48A17FE5F /* IntelOneMono-SemiBold.ttf in Resources */ = {isa = PBXBuildFile; fileRef = FDD10BB505BD4EE0889C7D9F /* IntelOneMono-SemiBold.ttf */; };
		6B4F2A48F72848C0932B3F31 /* IntelOneMono-SemiBoldItalic.ttf in Resources */ = {isa = PBXBuildFile; fileRef = 6B53773933AD44B593B195EF /* IntelOneMono-SemiBoldItalic.ttf */; };
		4EA448525984418A9869A071 /* IntelOneMono-SemiBoldItalic.ttf in Resources */ = {isa = PBXBuildFile; fileRef = 6B53773933AD44B593B195EF /* IntelOneMono-SemiBoldItalic.ttf */; };
/* End PBXBuildFile section */

/* Begin PBXContainerItemProxy section */
		00E356F41AD99517003FC87E /* PBXContainerItemProxy */ = {
			isa = PBXContainerItemProxy;
			containerPortal = 83CBB9F71A601CBA00E9B192 /* Project object */;
			proxyType = 1;
			remoteGlobalIDString = 13B07F861A680F5B00A75B9A;
			remoteInfo = app_core;
		};
/* End PBXContainerItemProxy section */

/* Begin PBXFileReference section */
		00E356EE1AD99517003FC87E /* app_coreTests.xctest */ = {isa = PBXFileReference; explicitFileType = wrapper.cfbundle; includeInIndex = 0; path = app_coreTests.xctest; sourceTree = BUILT_PRODUCTS_DIR; };
		00E356F11AD99517003FC87E /* Info.plist */ = {isa = PBXFileReference; lastKnownFileType = text.plist.xml; path = Info.plist; sourceTree = "<group>"; };
		00E356F21AD99517003FC87E /* app_coreTests.m */ = {isa = PBXFileReference; lastKnownFileType = sourcecode.c.objc; path = app_coreTests.m; sourceTree = "<group>"; };
		13B07F961A680F5B00A75B9A /* app_core.app */ = {isa = PBXFileReference; explicitFileType = wrapper.application; includeInIndex = 0; path = app_core.app; sourceTree = BUILT_PRODUCTS_DIR; };
		13B07FAF1A68108700A75B9A /* AppDelegate.h */ = {isa = PBXFileReference; fileEncoding = 4; lastKnownFileType = sourcecode.c.h; name = AppDelegate.h; path = app_core/AppDelegate.h; sourceTree = "<group>"; };
		13B07FB01A68108700A75B9A /* AppDelegate.mm */ = {isa = PBXFileReference; fileEncoding = 4; lastKnownFileType = sourcecode.cpp.objcpp; name = AppDelegate.mm; path = app_core/AppDelegate.mm; sourceTree = "<group>"; };
		13B07FB51A68108700A75B9A /* Images.xcassets */ = {isa = PBXFileReference; lastKnownFileType = folder.assetcatalog; name = Images.xcassets; path = app_core/Images.xcassets; sourceTree = "<group>"; };
		13B07FB61A68108700A75B9A /* Info.plist */ = {isa = PBXFileReference; fileEncoding = 4; lastKnownFileType = text.plist.xml; name = Info.plist; path = app_core/Info.plist; sourceTree = "<group>"; };
		13B07FB71A68108700A75B9A /* main.m */ = {isa = PBXFileReference; fileEncoding = 4; lastKnownFileType = sourcecode.c.objc; name = main.m; path = app_core/main.m; sourceTree = "<group>"; };
		19F6CBCC0A4E27FBF8BF4A61 /* libPods-app_core-app_coreTests.a */ = {isa = PBXFileReference; explicitFileType = archive.ar; includeInIndex = 0; path = "libPods-app_core-app_coreTests.a"; sourceTree = BUILT_PRODUCTS_DIR; };
		3B4392A12AC88292D35C810B /* Pods-app_core.debug.xcconfig */ = {isa = PBXFileReference; includeInIndex = 1; lastKnownFileType = text.xcconfig; name = "Pods-app_core.debug.xcconfig"; path = "Target Support Files/Pods-app_core/Pods-app_core.debug.xcconfig"; sourceTree = "<group>"; };
		5709B34CF0A7D63546082F79 /* Pods-app_core.release.xcconfig */ = {isa = PBXFileReference; includeInIndex = 1; lastKnownFileType = text.xcconfig; name = "Pods-app_core.release.xcconfig"; path = "Target Support Files/Pods-app_core/Pods-app_core.release.xcconfig"; sourceTree = "<group>"; };
		5B7EB9410499542E8C5724F5 /* Pods-app_core-app_coreTests.debug.xcconfig */ = {isa = PBXFileReference; includeInIndex = 1; lastKnownFileType = text.xcconfig; name = "Pods-app_core-app_coreTests.debug.xcconfig"; path = "Target Support Files/Pods-app_core-app_coreTests/Pods-app_core-app_coreTests.debug.xcconfig"; sourceTree = "<group>"; };
		5DCACB8F33CDC322A6C60F78 /* libPods-app_core.a */ = {isa = PBXFileReference; explicitFileType = archive.ar; includeInIndex = 0; path = "libPods-app_core.a"; sourceTree = BUILT_PRODUCTS_DIR; };
		81AB9BB72411601600AC10FF /* LaunchScreen.storyboard */ = {isa = PBXFileReference; fileEncoding = 4; lastKnownFileType = file.storyboard; name = LaunchScreen.storyboard; path = app_core/LaunchScreen.storyboard; sourceTree = "<group>"; };
		89C6BE57DB24E9ADA2F236DE /* Pods-app_core-app_coreTests.release.xcconfig */ = {isa = PBXFileReference; includeInIndex = 1; lastKnownFileType = text.xcconfig; name = "Pods-app_core-app_coreTests.release.xcconfig"; path = "Target Support Files/Pods-app_core-app_coreTests/Pods-app_core-app_coreTests.release.xcconfig"; sourceTree = "<group>"; };
		ED297162215061F000B7C4FE /* JavaScriptCore.framework */ = {isa = PBXFileReference; lastKnownFileType = wrapper.framework; name = JavaScriptCore.framework; path = System/Library/Frameworks/JavaScriptCore.framework; sourceTree = SDKROOT; };
		B99800B92901419DA7898955 /* HelveticaNeue-Bold.otf */ = {isa = PBXFileReference; name = "HelveticaNeue-Bold.otf"; path = "../src/assets/fonts/Helvetica/HelveticaNeue-Bold.otf"; sourceTree = "<group>"; fileEncoding = undefined; lastKnownFileType = unknown; explicitFileType = undefined; includeInIndex = 0; };
		4E8A958A21CC4F4D9F60C375 /* HelveticaNeue-BoldItalic.otf */ = {isa = PBXFileReference; name = "HelveticaNeue-BoldItalic.otf"; path = "../src/assets/fonts/Helvetica/HelveticaNeue-BoldItalic.otf"; sourceTree = "<group>"; fileEncoding = undefined; lastKnownFileType = unknown; explicitFileType = undefined; includeInIndex = 0; };
		B3DB9F057CE64AA1A9758273 /* HelveticaNeue-CondensedBlack.otf */ = {isa = PBXFileReference; name = "HelveticaNeue-CondensedBlack.otf"; path = "../src/assets/fonts/Helvetica/HelveticaNeue-CondensedBlack.otf"; sourceTree = "<group>"; fileEncoding = undefined; lastKnownFileType = unknown; explicitFileType = undefined; includeInIndex = 0; };
		F74F6A3CBF664ACC8F850BE9 /* HelveticaNeue-CondensedBold.otf */ = {isa = PBXFileReference; name = "HelveticaNeue-CondensedBold.otf"; path = "../src/assets/fonts/Helvetica/HelveticaNeue-CondensedBold.otf"; sourceTree = "<group>"; fileEncoding = undefined; lastKnownFileType = unknown; explicitFileType = undefined; includeInIndex = 0; };
		20A8CEE92F534C0E90043A98 /* HelveticaNeue-Italic.otf */ = {isa = PBXFileReference; name = "HelveticaNeue-Italic.otf"; path = "../src/assets/fonts/Helvetica/HelveticaNeue-Italic.otf"; sourceTree = "<group>"; fileEncoding = undefined; lastKnownFileType = unknown; explicitFileType = undefined; includeInIndex = 0; };
		3911E941B1624DEBB6177813 /* HelveticaNeue-Light.otf */ = {isa = PBXFileReference; name = "HelveticaNeue-Light.otf"; path = "../src/assets/fonts/Helvetica/HelveticaNeue-Light.otf"; sourceTree = "<group>"; fileEncoding = undefined; lastKnownFileType = unknown; explicitFileType = undefined; includeInIndex = 0; };
		19CB9303DFB2445FB0A0ACDB /* HelveticaNeue-LightItalic.otf */ = {isa = PBXFileReference; name = "HelveticaNeue-LightItalic.otf"; path = "../src/assets/fonts/Helvetica/HelveticaNeue-LightItalic.otf"; sourceTree = "<group>"; fileEncoding = undefined; lastKnownFileType = unknown; explicitFileType = undefined; includeInIndex = 0; };
		3BC82E30B94444FB9C668094 /* HelveticaNeue-Medium.otf */ = {isa = PBXFileReference; name = "HelveticaNeue-Medium.otf"; path = "../src/assets/fonts/Helvetica/HelveticaNeue-Medium.otf"; sourceTree = "<group>"; fileEncoding = undefined; lastKnownFileType = unknown; explicitFileType = undefined; includeInIndex = 0; };
		A1730BDE41A44F14BAB34AEE /* HelveticaNeue-UltraLight.otf */ = {isa = PBXFileReference; name = "HelveticaNeue-UltraLight.otf"; path = "../src/assets/fonts/Helvetica/HelveticaNeue-UltraLight.otf"; sourceTree = "<group>"; fileEncoding = undefined; lastKnownFileType = unknown; explicitFileType = undefined; includeInIndex = 0; };
		C0E288C37E1C4F10BAB555A6 /* HelveticaNeue-UltraLightItalic.otf */ = {isa = PBXFileReference; name = "HelveticaNeue-UltraLightItalic.otf"; path = "../src/assets/fonts/Helvetica/HelveticaNeue-UltraLightItalic.otf"; sourceTree = "<group>"; fileEncoding = undefined; lastKnownFileType = unknown; explicitFileType = undefined; includeInIndex = 0; };
		8B4F7D45C14141FF8B319ACB /* HelveticaNeue.otf */ = {isa = PBXFileReference; name = "HelveticaNeue.otf"; path = "../src/assets/fonts/Helvetica/HelveticaNeue.otf"; sourceTree = "<group>"; fileEncoding = undefined; lastKnownFileType = unknown; explicitFileType = undefined; includeInIndex = 0; };
		71D41D41129E4AD0A6F28CB6 /* helvetica-neue-bold-italic.ttf */ = {isa = PBXFileReference; name = "helvetica-neue-bold-italic.ttf"; path = "../src/assets/fonts/Helvetica/helvetica-neue-bold-italic.ttf"; sourceTree = "<group>"; fileEncoding = undefined; lastKnownFileType = unknown; explicitFileType = undefined; includeInIndex = 0; };
		A98BF34AD52B42B2AD2E3EBC /* helvetica-neue-bold.ttf */ = {isa = PBXFileReference; name = "helvetica-neue-bold.ttf"; path = "../src/assets/fonts/Helvetica/helvetica-neue-bold.ttf"; sourceTree = "<group>"; fileEncoding = undefined; lastKnownFileType = unknown; explicitFileType = undefined; includeInIndex = 0; };
		575DA7C419624720B8894BE8 /* helvetica-neue-condensed-black.ttf */ = {isa = PBXFileReference; name = "helvetica-neue-condensed-black.ttf"; path = "../src/assets/fonts/Helvetica/helvetica-neue-condensed-black.ttf"; sourceTree = "<group>"; fileEncoding = undefined; lastKnownFileType = unknown; explicitFileType = undefined; includeInIndex = 0; };
		E32A15D448DB4C459A3AD5BA /* helvetica-neue-condensed-bold.ttf */ = {isa = PBXFileReference; name = "helvetica-neue-condensed-bold.ttf"; path = "../src/assets/fonts/Helvetica/helvetica-neue-condensed-bold.ttf"; sourceTree = "<group>"; fileEncoding = undefined; lastKnownFileType = unknown; explicitFileType = undefined; includeInIndex = 0; };
		8EFCB4294395452BABE42454 /* helvetica-neue-italic.ttf */ = {isa = PBXFileReference; name = "helvetica-neue-italic.ttf"; path = "../src/assets/fonts/Helvetica/helvetica-neue-italic.ttf"; sourceTree = "<group>"; fileEncoding = undefined; lastKnownFileType = unknown; explicitFileType = undefined; includeInIndex = 0; };
		B180FE511C3A456FBCFF965C /* helvetica-neue-light-italic.ttf */ = {isa = PBXFileReference; name = "helvetica-neue-light-italic.ttf"; path = "../src/assets/fonts/Helvetica/helvetica-neue-light-italic.ttf"; sourceTree = "<group>"; fileEncoding = undefined; lastKnownFileType = unknown; explicitFileType = undefined; includeInIndex = 0; };
		EDAE6B74554949F0B38CED47 /* helvetica-neue-light.ttf */ = {isa = PBXFileReference; name = "helvetica-neue-light.ttf"; path = "../src/assets/fonts/Helvetica/helvetica-neue-light.ttf"; sourceTree = "<group>"; fileEncoding = undefined; lastKnownFileType = unknown; explicitFileType = undefined; includeInIndex = 0; };
		D6CCB4FD069B42DDB6FE39FE /* helvetica-neue-medium.ttf */ = {isa = PBXFileReference; name = "helvetica-neue-medium.ttf"; path = "../src/assets/fonts/Helvetica/helvetica-neue-medium.ttf"; sourceTree = "<group>"; fileEncoding = undefined; lastKnownFileType = unknown; explicitFileType = undefined; includeInIndex = 0; };
		D50D438C693B4957AC71BA72 /* helvetica-neue-regular.ttf */ = {isa = PBXFileReference; name = "helvetica-neue-regular.ttf"; path = "../src/assets/fonts/Helvetica/helvetica-neue-regular.ttf"; sourceTree = "<group>"; fileEncoding = undefined; lastKnownFileType = unknown; explicitFileType = undefined; includeInIndex = 0; };
		287B015FAED8457B9F4E690F /* helvetica-neue-ultra-light-italic.ttf */ = {isa = PBXFileReference; name = "helvetica-neue-ultra-light-italic.ttf"; path = "../src/assets/fonts/Helvetica/helvetica-neue-ultra-light-italic.ttf"; sourceTree = "<group>"; fileEncoding = undefined; lastKnownFileType = unknown; explicitFileType = undefined; includeInIndex = 0; };
		2FA08D95C8EC4EBC957DF8F6 /* helvetica-neue-ultra-light.ttf */ = {isa = PBXFileReference; name = "helvetica-neue-ultra-light.ttf"; path = "../src/assets/fonts/Helvetica/helvetica-neue-ultra-light.ttf"; sourceTree = "<group>"; fileEncoding = undefined; lastKnownFileType = unknown; explicitFileType = undefined; includeInIndex = 0; };
		739023C7EA5E44AFBC32AE6D /* helveticaneue.ttf */ = {isa = PBXFileReference; name = "helveticaneue.ttf"; path = "../src/assets/fonts/Helvetica/helveticaneue.ttf"; sourceTree = "<group>"; fileEncoding = undefined; lastKnownFileType = unknown; explicitFileType = undefined; includeInIndex = 0; };
		21B1777693694BFAA5CFA993 /* helveticaneuebold.ttf */ = {isa = PBXFileReference; name = "helveticaneuebold.ttf"; path = "../src/assets/fonts/Helvetica/helveticaneuebold.ttf"; sourceTree = "<group>"; fileEncoding = undefined; lastKnownFileType = unknown; explicitFileType = undefined; includeInIndex = 0; };
		E3F2E67EDBFA40568A85BCFD /* helveticaneuebolditalic.ttf */ = {isa = PBXFileReference; name = "helveticaneuebolditalic.ttf"; path = "../src/assets/fonts/Helvetica/helveticaneuebolditalic.ttf"; sourceTree = "<group>"; fileEncoding = undefined; lastKnownFileType = unknown; explicitFileType = undefined; includeInIndex = 0; };
		70364292826E4061B2D1C558 /* helveticaneuecondensedblack.ttf */ = {isa = PBXFileReference; name = "helveticaneuecondensedblack.ttf"; path = "../src/assets/fonts/Helvetica/helveticaneuecondensedblack.ttf"; sourceTree = "<group>"; fileEncoding = undefined; lastKnownFileType = unknown; explicitFileType = undefined; includeInIndex = 0; };
		0C0C142B0810467CB9041416 /* helveticaneuecondensedbold.ttf */ = {isa = PBXFileReference; name = "helveticaneuecondensedbold.ttf"; path = "../src/assets/fonts/Helvetica/helveticaneuecondensedbold.ttf"; sourceTree = "<group>"; fileEncoding = undefined; lastKnownFileType = unknown; explicitFileType = undefined; includeInIndex = 0; };
		0E8F5F27C41D451188AF9F74 /* helveticaneueitalic.ttf */ = {isa = PBXFileReference; name = "helveticaneueitalic.ttf"; path = "../src/assets/fonts/Helvetica/helveticaneueitalic.ttf"; sourceTree = "<group>"; fileEncoding = undefined; lastKnownFileType = unknown; explicitFileType = undefined; includeInIndex = 0; };
		97F2DD3711C247F0AC262883 /* helveticaneuelight.ttf */ = {isa = PBXFileReference; name = "helveticaneuelight.ttf"; path = "../src/assets/fonts/Helvetica/helveticaneuelight.ttf"; sourceTree = "<group>"; fileEncoding = undefined; lastKnownFileType = unknown; explicitFileType = undefined; includeInIndex = 0; };
		2CD3565D3E3044D89418ABC6 /* helveticaneuelightitalic.ttf */ = {isa = PBXFileReference; name = "helveticaneuelightitalic.ttf"; path = "../src/assets/fonts/Helvetica/helveticaneuelightitalic.ttf"; sourceTree = "<group>"; fileEncoding = undefined; lastKnownFileType = unknown; explicitFileType = undefined; includeInIndex = 0; };
		DD736E6CCED74534A8D14605 /* helveticaneuemedium.ttf */ = {isa = PBXFileReference; name = "helveticaneuemedium.ttf"; path = "../src/assets/fonts/Helvetica/helveticaneuemedium.ttf"; sourceTree = "<group>"; fileEncoding = undefined; lastKnownFileType = unknown; explicitFileType = undefined; includeInIndex = 0; };
		98FE53C899A84172BB62B182 /* helveticaneueultralight.ttf */ = {isa = PBXFileReference; name = "helveticaneueultralight.ttf"; path = "../src/assets/fonts/Helvetica/helveticaneueultralight.ttf"; sourceTree = "<group>"; fileEncoding = undefined; lastKnownFileType = unknown; explicitFileType = undefined; includeInIndex = 0; };
		9A5B418A17EF410DA101E48B /* helveticaneueultralightitalic.ttf */ = {isa = PBXFileReference; name = "helveticaneueultralightitalic.ttf"; path = "../src/assets/fonts/Helvetica/helveticaneueultralightitalic.ttf"; sourceTree = "<group>"; fileEncoding = undefined; lastKnownFileType = unknown; explicitFileType = undefined; includeInIndex = 0; };
		BB696C79EE5F4EE08BD3E616 /* IntelOneMono-Bold.ttf */ = {isa = PBXFileReference; name = "IntelOneMono-Bold.ttf"; path = "../src/assets/fonts/Intel One Mono/IntelOneMono-Bold.ttf"; sourceTree = "<group>"; fileEncoding = undefined; lastKnownFileType = unknown; explicitFileType = undefined; includeInIndex = 0; };
		5FA912C9B69E40BD9504199F /* IntelOneMono-BoldItalic.ttf */ = {isa = PBXFileReference; name = "IntelOneMono-BoldItalic.ttf"; path = "../src/assets/fonts/Intel One Mono/IntelOneMono-BoldItalic.ttf"; sourceTree = "<group>"; fileEncoding = undefined; lastKnownFileType = unknown; explicitFileType = undefined; includeInIndex = 0; };
		DF82C7FE0C7648D3AA7648DE /* IntelOneMono-Italic.ttf */ = {isa = PBXFileReference; name = "IntelOneMono-Italic.ttf"; path = "../src/assets/fonts/Intel One Mono/IntelOneMono-Italic.ttf"; sourceTree = "<group>"; fileEncoding = undefined; lastKnownFileType = unknown; explicitFileType = undefined; includeInIndex = 0; };
		7CFACCB149B44955912709AC /* IntelOneMono-Light.ttf */ = {isa = PBXFileReference; name = "IntelOneMono-Light.ttf"; path = "../src/assets/fonts/Intel One Mono/IntelOneMono-Light.ttf"; sourceTree = "<group>"; fileEncoding = undefined; lastKnownFileType = unknown; explicitFileType = undefined; includeInIndex = 0; };
		A979FF248C264080A901190E /* IntelOneMono-LightItalic.ttf */ = {isa = PBXFileReference; name = "IntelOneMono-LightItalic.ttf"; path = "../src/assets/fonts/Intel One Mono/IntelOneMono-LightItalic.ttf"; sourceTree = "<group>"; fileEncoding = undefined; lastKnownFileType = unknown; explicitFileType = undefined; includeInIndex = 0; };
		1C0221CD8AC6462CBCF89269 /* IntelOneMono-Medium.ttf */ = {isa = PBXFileReference; name = "IntelOneMono-Medium.ttf"; path = "../src/assets/fonts/Intel One Mono/IntelOneMono-Medium.ttf"; sourceTree = "<group>"; fileEncoding = undefined; lastKnownFileType = unknown; explicitFileType = undefined; includeInIndex = 0; };
		A941BAC823AD495DA7BA5492 /* IntelOneMono-MediumItalic.ttf */ = {isa = PBXFileReference; name = "IntelOneMono-MediumItalic.ttf"; path = "../src/assets/fonts/Intel One Mono/IntelOneMono-MediumItalic.ttf"; sourceTree = "<group>"; fileEncoding = undefined; lastKnownFileType = unknown; explicitFileType = undefined; includeInIndex = 0; };
		C8BD95DA998F4247B20C247F /* IntelOneMono-Regular.ttf */ = {isa = PBXFileReference; name = "IntelOneMono-Regular.ttf"; path = "../src/assets/fonts/Intel One Mono/IntelOneMono-Regular.ttf"; sourceTree = "<group>"; fileEncoding = undefined; lastKnownFileType = unknown; explicitFileType = undefined; includeInIndex = 0; };
		FDD10BB505BD4EE0889C7D9F /* IntelOneMono-SemiBold.ttf */ = {isa = PBXFileReference; name = "IntelOneMono-SemiBold.ttf"; path = "../src/assets/fonts/Intel One Mono/IntelOneMono-SemiBold.ttf"; sourceTree = "<group>"; fileEncoding = undefined; lastKnownFileType = unknown; explicitFileType = undefined; includeInIndex = 0; };
		6B53773933AD44B593B195EF /* IntelOneMono-SemiBoldItalic.ttf */ = {isa = PBXFileReference; name = "IntelOneMono-SemiBoldItalic.ttf"; path = "../src/assets/fonts/Intel One Mono/IntelOneMono-SemiBoldItalic.ttf"; sourceTree = "<group>"; fileEncoding = undefined; lastKnownFileType = unknown; explicitFileType = undefined; includeInIndex = 0; };
/* End PBXFileReference section */

/* Begin PBXFrameworksBuildPhase section */
		00E356EB1AD99517003FC87E /* Frameworks */ = {
			isa = PBXFrameworksBuildPhase;
			buildActionMask = 2147483647;
			files = (
				7699B88040F8A987B510C191 /* libPods-app_core-app_coreTests.a in Frameworks */,
			);
			runOnlyForDeploymentPostprocessing = 0;
		};
		13B07F8C1A680F5B00A75B9A /* Frameworks */ = {
			isa = PBXFrameworksBuildPhase;
			buildActionMask = 2147483647;
			files = (
				0C80B921A6F3F58F76C31292 /* libPods-app_core.a in Frameworks */,
			);
			runOnlyForDeploymentPostprocessing = 0;
		};
/* End PBXFrameworksBuildPhase section */

/* Begin PBXGroup section */
		00E356EF1AD99517003FC87E /* app_coreTests */ = {
			isa = PBXGroup;
			children = (
				00E356F21AD99517003FC87E /* app_coreTests.m */,
				00E356F01AD99517003FC87E /* Supporting Files */,
			);
			path = app_coreTests;
			sourceTree = "<group>";
		};
		00E356F01AD99517003FC87E /* Supporting Files */ = {
			isa = PBXGroup;
			children = (
				00E356F11AD99517003FC87E /* Info.plist */,
			);
			name = "Supporting Files";
			sourceTree = "<group>";
		};
		13B07FAE1A68108700A75B9A /* app_core */ = {
			isa = PBXGroup;
			children = (
				13B07FAF1A68108700A75B9A /* AppDelegate.h */,
				13B07FB01A68108700A75B9A /* AppDelegate.mm */,
				13B07FB51A68108700A75B9A /* Images.xcassets */,
				13B07FB61A68108700A75B9A /* Info.plist */,
				81AB9BB72411601600AC10FF /* LaunchScreen.storyboard */,
				13B07FB71A68108700A75B9A /* main.m */,
			);
			name = app_core;
			sourceTree = "<group>";
		};
		2D16E6871FA4F8E400B85C8A /* Frameworks */ = {
			isa = PBXGroup;
			children = (
				ED297162215061F000B7C4FE /* JavaScriptCore.framework */,
				5DCACB8F33CDC322A6C60F78 /* libPods-app_core.a */,
				19F6CBCC0A4E27FBF8BF4A61 /* libPods-app_core-app_coreTests.a */,
			);
			name = Frameworks;
			sourceTree = "<group>";
		};
		832341AE1AAA6A7D00B99B32 /* Libraries */ = {
			isa = PBXGroup;
			children = (
			);
			name = Libraries;
			sourceTree = "<group>";
		};
		83CBB9F61A601CBA00E9B192 = {
			isa = PBXGroup;
			children = (
				13B07FAE1A68108700A75B9A /* app_core */,
				832341AE1AAA6A7D00B99B32 /* Libraries */,
				00E356EF1AD99517003FC87E /* app_coreTests */,
				83CBBA001A601CBA00E9B192 /* Products */,
				2D16E6871FA4F8E400B85C8A /* Frameworks */,
				BBD78D7AC51CEA395F1C20DB /* Pods */,
				69D0D9B9126847BA920A20C0 /* Resources */,
			);
			indentWidth = 2;
			sourceTree = "<group>";
			tabWidth = 2;
			usesTabs = 0;
		};
		83CBBA001A601CBA00E9B192 /* Products */ = {
			isa = PBXGroup;
			children = (
				13B07F961A680F5B00A75B9A /* app_core.app */,
				00E356EE1AD99517003FC87E /* app_coreTests.xctest */,
			);
			name = Products;
			sourceTree = "<group>";
		};
		BBD78D7AC51CEA395F1C20DB /* Pods */ = {
			isa = PBXGroup;
			children = (
				3B4392A12AC88292D35C810B /* Pods-app_core.debug.xcconfig */,
				5709B34CF0A7D63546082F79 /* Pods-app_core.release.xcconfig */,
				5B7EB9410499542E8C5724F5 /* Pods-app_core-app_coreTests.debug.xcconfig */,
				89C6BE57DB24E9ADA2F236DE /* Pods-app_core-app_coreTests.release.xcconfig */,
			);
			path = Pods;
			sourceTree = "<group>";
		};
		69D0D9B9126847BA920A20C0 /* Resources */ = {
			isa = "PBXGroup";
			children = (
				B99800B92901419DA7898955 /* HelveticaNeue-Bold.otf */,
				4E8A958A21CC4F4D9F60C375 /* HelveticaNeue-BoldItalic.otf */,
				B3DB9F057CE64AA1A9758273 /* HelveticaNeue-CondensedBlack.otf */,
				F74F6A3CBF664ACC8F850BE9 /* HelveticaNeue-CondensedBold.otf */,
				20A8CEE92F534C0E90043A98 /* HelveticaNeue-Italic.otf */,
				3911E941B1624DEBB6177813 /* HelveticaNeue-Light.otf */,
				19CB9303DFB2445FB0A0ACDB /* HelveticaNeue-LightItalic.otf */,
				3BC82E30B94444FB9C668094 /* HelveticaNeue-Medium.otf */,
				A1730BDE41A44F14BAB34AEE /* HelveticaNeue-UltraLight.otf */,
				C0E288C37E1C4F10BAB555A6 /* HelveticaNeue-UltraLightItalic.otf */,
				8B4F7D45C14141FF8B319ACB /* HelveticaNeue.otf */,
				71D41D41129E4AD0A6F28CB6 /* helvetica-neue-bold-italic.ttf */,
				A98BF34AD52B42B2AD2E3EBC /* helvetica-neue-bold.ttf */,
				575DA7C419624720B8894BE8 /* helvetica-neue-condensed-black.ttf */,
				E32A15D448DB4C459A3AD5BA /* helvetica-neue-condensed-bold.ttf */,
				8EFCB4294395452BABE42454 /* helvetica-neue-italic.ttf */,
				B180FE511C3A456FBCFF965C /* helvetica-neue-light-italic.ttf */,
				EDAE6B74554949F0B38CED47 /* helvetica-neue-light.ttf */,
				D6CCB4FD069B42DDB6FE39FE /* helvetica-neue-medium.ttf */,
				D50D438C693B4957AC71BA72 /* helvetica-neue-regular.ttf */,
				287B015FAED8457B9F4E690F /* helvetica-neue-ultra-light-italic.ttf */,
				2FA08D95C8EC4EBC957DF8F6 /* helvetica-neue-ultra-light.ttf */,
				739023C7EA5E44AFBC32AE6D /* helveticaneue.ttf */,
				21B1777693694BFAA5CFA993 /* helveticaneuebold.ttf */,
				E3F2E67EDBFA40568A85BCFD /* helveticaneuebolditalic.ttf */,
				70364292826E4061B2D1C558 /* helveticaneuecondensedblack.ttf */,
				0C0C142B0810467CB9041416 /* helveticaneuecondensedbold.ttf */,
				0E8F5F27C41D451188AF9F74 /* helveticaneueitalic.ttf */,
				97F2DD3711C247F0AC262883 /* helveticaneuelight.ttf */,
				2CD3565D3E3044D89418ABC6 /* helveticaneuelightitalic.ttf */,
				DD736E6CCED74534A8D14605 /* helveticaneuemedium.ttf */,
				98FE53C899A84172BB62B182 /* helveticaneueultralight.ttf */,
				9A5B418A17EF410DA101E48B /* helveticaneueultralightitalic.ttf */,
				BB696C79EE5F4EE08BD3E616 /* IntelOneMono-Bold.ttf */,
				5FA912C9B69E40BD9504199F /* IntelOneMono-BoldItalic.ttf */,
				DF82C7FE0C7648D3AA7648DE /* IntelOneMono-Italic.ttf */,
				7CFACCB149B44955912709AC /* IntelOneMono-Light.ttf */,
				A979FF248C264080A901190E /* IntelOneMono-LightItalic.ttf */,
				1C0221CD8AC6462CBCF89269 /* IntelOneMono-Medium.ttf */,
				A941BAC823AD495DA7BA5492 /* IntelOneMono-MediumItalic.ttf */,
				C8BD95DA998F4247B20C247F /* IntelOneMono-Regular.ttf */,
				FDD10BB505BD4EE0889C7D9F /* IntelOneMono-SemiBold.ttf */,
				6B53773933AD44B593B195EF /* IntelOneMono-SemiBoldItalic.ttf */,
			);
			name = Resources;
			sourceTree = "<group>";
			path = "";
		};
/* End PBXGroup section */

/* Begin PBXNativeTarget section */
		00E356ED1AD99517003FC87E /* app_coreTests */ = {
			isa = PBXNativeTarget;
			buildConfigurationList = 00E357021AD99517003FC87E /* Build configuration list for PBXNativeTarget "app_coreTests" */;
			buildPhases = (
				A55EABD7B0C7F3A422A6CC61 /* [CP] Check Pods Manifest.lock */,
				00E356EA1AD99517003FC87E /* Sources */,
				00E356EB1AD99517003FC87E /* Frameworks */,
				00E356EC1AD99517003FC87E /* Resources */,
				C59DA0FBD6956966B86A3779 /* [CP] Embed Pods Frameworks */,
				F6A41C54EA430FDDC6A6ED99 /* [CP] Copy Pods Resources */,
			);
			buildRules = (
			);
			dependencies = (
				00E356F51AD99517003FC87E /* PBXTargetDependency */,
			);
			name = app_coreTests;
			productName = app_coreTests;
			productReference = 00E356EE1AD99517003FC87E /* app_coreTests.xctest */;
			productType = "com.apple.product-type.bundle.unit-test";
		};
		13B07F861A680F5B00A75B9A /* app_core */ = {
			isa = PBXNativeTarget;
			buildConfigurationList = 13B07F931A680F5B00A75B9A /* Build configuration list for PBXNativeTarget "app_core" */;
			buildPhases = (
				C38B50BA6285516D6DCD4F65 /* [CP] Check Pods Manifest.lock */,
				FD10A7F022414F080027D42C /* Start Packager */,
				13B07F871A680F5B00A75B9A /* Sources */,
				13B07F8C1A680F5B00A75B9A /* Frameworks */,
				13B07F8E1A680F5B00A75B9A /* Resources */,
				00DD1BFF1BD5951E006B06BC /* Bundle React Native code and images */,
				00EEFC60759A1932668264C0 /* [CP] Embed Pods Frameworks */,
				E235C05ADACE081382539298 /* [CP] Copy Pods Resources */,
			);
			buildRules = (
			);
			dependencies = (
			);
			name = app_core;
			productName = app_core;
			productReference = 13B07F961A680F5B00A75B9A /* app_core.app */;
			productType = "com.apple.product-type.application";
		};
/* End PBXNativeTarget section */

/* Begin PBXProject section */
		83CBB9F71A601CBA00E9B192 /* Project object */ = {
			isa = PBXProject;
			attributes = {
				LastUpgradeCheck = 1210;
				TargetAttributes = {
					00E356ED1AD99517003FC87E = {
						CreatedOnToolsVersion = 6.2;
						TestTargetID = 13B07F861A680F5B00A75B9A;
					};
					13B07F861A680F5B00A75B9A = {
						LastSwiftMigration = 1120;
					};
				};
			};
			buildConfigurationList = 83CBB9FA1A601CBA00E9B192 /* Build configuration list for PBXProject "app_core" */;
			compatibilityVersion = "Xcode 12.0";
			developmentRegion = en;
			hasScannedForEncodings = 0;
			knownRegions = (
				en,
				Base,
			);
			mainGroup = 83CBB9F61A601CBA00E9B192;
			productRefGroup = 83CBBA001A601CBA00E9B192 /* Products */;
			projectDirPath = "";
			projectRoot = "";
			targets = (
				13B07F861A680F5B00A75B9A /* app_core */,
				00E356ED1AD99517003FC87E /* app_coreTests */,
			);
		};
/* End PBXProject section */

/* Begin PBXResourcesBuildPhase section */
		00E356EC1AD99517003FC87E /* Resources */ = {
			isa = PBXResourcesBuildPhase;
			buildActionMask = 2147483647;
			files = (
				CDC58ABC1B7649B297E3944A /* HelveticaNeue-Bold.otf in Resources */,
				D5CEBBD5FD5E41F198D4860F /* HelveticaNeue-BoldItalic.otf in Resources */,
				4568D4A8297742A1BB76E8D9 /* HelveticaNeue-CondensedBlack.otf in Resources */,
				3C9235A467284D2E9CFC0D77 /* HelveticaNeue-CondensedBold.otf in Resources */,
				640FD2AD86E74ECA9595CECA /* HelveticaNeue-Italic.otf in Resources */,
				9A5782DC0E60410188906293 /* HelveticaNeue-Light.otf in Resources */,
				E064F24742BD45229B1DDD2E /* HelveticaNeue-LightItalic.otf in Resources */,
				DDDD7F820F0C453AB5CCCE42 /* HelveticaNeue-Medium.otf in Resources */,
				C2AFF92FA8BE4F3794225F66 /* HelveticaNeue-UltraLight.otf in Resources */,
				FEB34B6D8C9F4026A9AB5E98 /* HelveticaNeue-UltraLightItalic.otf in Resources */,
				BFD9D311DF214DD483B7A7EE /* HelveticaNeue.otf in Resources */,
				0178E01B4E6541F680618148 /* helvetica-neue-bold-italic.ttf in Resources */,
				E2B5C3326375459FA1683F1A /* helvetica-neue-bold.ttf in Resources */,
				D4C6FB48084D4DF68524B354 /* helvetica-neue-condensed-black.ttf in Resources */,
				B1BB9F4E77384194BD990A80 /* helvetica-neue-condensed-bold.ttf in Resources */,
				0C13C0BAE0D84904AF5FF61E /* helvetica-neue-italic.ttf in Resources */,
				F22161EBF17A4782A3FCB555 /* helvetica-neue-light-italic.ttf in Resources */,
				A3E0AEB46DCF42C886BFA699 /* helvetica-neue-light.ttf in Resources */,
				C88DDD4ACAB645AEBC920AA6 /* helvetica-neue-medium.ttf in Resources */,
				E79986E9DE6C4AD994D625CE /* helvetica-neue-regular.ttf in Resources */,
				234D3138420D49BEA8526B4D /* helvetica-neue-ultra-light-italic.ttf in Resources */,
				90533C2EDCDE46F09111E516 /* helvetica-neue-ultra-light.ttf in Resources */,
				8EDAC70A9A67431089F5996D /* helveticaneue.ttf in Resources */,
				E57A5E6D3365491CBABBB587 /* helveticaneuebold.ttf in Resources */,
				B3A0F019F2504DED99D43153 /* helveticaneuebolditalic.ttf in Resources */,
				11F71F7B2564413BB6D8F175 /* helveticaneuecondensedblack.ttf in Resources */,
				776341DB74794061843A67E3 /* helveticaneuecondensedbold.ttf in Resources */,
				7F84D2C3F24E4940B3F6EC54 /* helveticaneueitalic.ttf in Resources */,
				E66BBAB575E84A7B9EB92BAC /* helveticaneuelight.ttf in Resources */,
				26CC1552061542EE89FDB6F4 /* helveticaneuelightitalic.ttf in Resources */,
				B68BFE43A2854B0C8E922280 /* helveticaneuemedium.ttf in Resources */,
				F020A91CEA5B43A19236639B /* helveticaneueultralight.ttf in Resources */,
				5C684F465CD14B7B9676830E /* helveticaneueultralightitalic.ttf in Resources */,
				1A9BF19ADDC8475F824E86C8 /* IntelOneMono-Bold.ttf in Resources */,
				9ACAFBC4B6E2432495B2C988 /* IntelOneMono-BoldItalic.ttf in Resources */,
				7E31BAE81DCC4B8382FB3623 /* IntelOneMono-Italic.ttf in Resources */,
				7098E35C82394F09B3B55B93 /* IntelOneMono-Light.ttf in Resources */,
				355CF4FABA5D4D5FBEFE9F04 /* IntelOneMono-LightItalic.ttf in Resources */,
				BD1127498E294EE283D48CC7 /* IntelOneMono-Medium.ttf in Resources */,
				A3C94E90A8164F77B7DAF5AD /* IntelOneMono-MediumItalic.ttf in Resources */,
				0DDFE3D7C06F4454946DFAE1 /* IntelOneMono-Regular.ttf in Resources */,
				0C5595903D0046B48A17FE5F /* IntelOneMono-SemiBold.ttf in Resources */,
				4EA448525984418A9869A071 /* IntelOneMono-SemiBoldItalic.ttf in Resources */,
			);
			runOnlyForDeploymentPostprocessing = 0;
		};
		13B07F8E1A680F5B00A75B9A /* Resources */ = {
			isa = PBXResourcesBuildPhase;
			buildActionMask = 2147483647;
			files = (
				81AB9BB82411601600AC10FF /* LaunchScreen.storyboard in Resources */,
				13B07FBF1A68108700A75B9A /* Images.xcassets in Resources */,
				E95DC04A50A54A3E89F5C7F8 /* HelveticaNeue-Bold.otf in Resources */,
				6DE5A384AB30493D82564709 /* HelveticaNeue-BoldItalic.otf in Resources */,
				1E24D42C08144375A5185E0A /* HelveticaNeue-CondensedBlack.otf in Resources */,
				DEBE6653DE2C439DB6507428 /* HelveticaNeue-CondensedBold.otf in Resources */,
				96DC02C1E8444D0CBCF0CE0A /* HelveticaNeue-Italic.otf in Resources */,
				924F30F836824CECA471C868 /* HelveticaNeue-Light.otf in Resources */,
				8C6ACE2E6BDF408B9017C0BA /* HelveticaNeue-LightItalic.otf in Resources */,
				103D1D41A7264336B2A99377 /* HelveticaNeue-Medium.otf in Resources */,
				E540EA101BC84D199E0E9DE5 /* HelveticaNeue-UltraLight.otf in Resources */,
				94C5F8A135FE47EB901390C5 /* HelveticaNeue-UltraLightItalic.otf in Resources */,
				9D413210DE0E4B549D64AEAE /* HelveticaNeue.otf in Resources */,
				178308B1BBB94FD5927D1867 /* helvetica-neue-bold-italic.ttf in Resources */,
				295DF41422EB4C12A147F25E /* helvetica-neue-bold.ttf in Resources */,
				CC2D4024C27D432186D09AC6 /* helvetica-neue-condensed-black.ttf in Resources */,
				1DBC1D7989F24FB888BA450A /* helvetica-neue-condensed-bold.ttf in Resources */,
				E4DD1208C86E4DAC93523F28 /* helvetica-neue-italic.ttf in Resources */,
				E472C55BBFE248DDB75684BB /* helvetica-neue-light-italic.ttf in Resources */,
				2DDE4069BB714CF7BDB9A2C7 /* helvetica-neue-light.ttf in Resources */,
				7DFAFFFCD11143D8AD261B69 /* helvetica-neue-medium.ttf in Resources */,
				EE73AACFD1D9472C9E6133EE /* helvetica-neue-regular.ttf in Resources */,
				0834E37A896F4014953F097A /* helvetica-neue-ultra-light-italic.ttf in Resources */,
				4A3AD4D26A5541D9AAA20152 /* helvetica-neue-ultra-light.ttf in Resources */,
				A2B17ED7A76F4356A7D919D0 /* helveticaneue.ttf in Resources */,
				9BEEFAD6077646068DA33036 /* helveticaneuebold.ttf in Resources */,
				7CDA4EDEEF3640AD8C102577 /* helveticaneuebolditalic.ttf in Resources */,
				1592324406F44DEEBA02EEB7 /* helveticaneuecondensedblack.ttf in Resources */,
				7414EBEF18C4427D87EEB965 /* helveticaneuecondensedbold.ttf in Resources */,
				42B1DA4ED7F84A1AABB30254 /* helveticaneueitalic.ttf in Resources */,
				D7598368C8ED4A0487E320A0 /* helveticaneuelight.ttf in Resources */,
				0A1C6507C434484197155024 /* helveticaneuelightitalic.ttf in Resources */,
				399E81736AAE4D6484365BAA /* helveticaneuemedium.ttf in Resources */,
				C00C6883B299474DBC1B8464 /* helveticaneueultralight.ttf in Resources */,
				E7B0E1AA1FCA4C14B41FBB69 /* helveticaneueultralightitalic.ttf in Resources */,
				573F41469B7340A4BBB2C864 /* IntelOneMono-Bold.ttf in Resources */,
				75D2BEE994D04B4FB3245713 /* IntelOneMono-BoldItalic.ttf in Resources */,
				EE15C08A05C540A3AC96BCB7 /* IntelOneMono-Italic.ttf in Resources */,
				386ACBD6F05D4CB39FB7F834 /* IntelOneMono-Light.ttf in Resources */,
				23A455FFA10448DC97D493C0 /* IntelOneMono-LightItalic.ttf in Resources */,
				7DD634A4DD6842D2BB9A442A /* IntelOneMono-Medium.ttf in Resources */,
				EFE7ABB8C64D4A61849073CA /* IntelOneMono-MediumItalic.ttf in Resources */,
				CC31D8C5B9EF4AD990C7E1C6 /* IntelOneMono-Regular.ttf in Resources */,
				A34AE4786C4D453EBC491690 /* IntelOneMono-SemiBold.ttf in Resources */,
				6B4F2A48F72848C0932B3F31 /* IntelOneMono-SemiBoldItalic.ttf in Resources */,
			);
			runOnlyForDeploymentPostprocessing = 0;
		};
/* End PBXResourcesBuildPhase section */

/* Begin PBXShellScriptBuildPhase section */
		00DD1BFF1BD5951E006B06BC /* Bundle React Native code and images */ = {
			isa = PBXShellScriptBuildPhase;
			buildActionMask = 2147483647;
			files = (
			);
			inputPaths = (
				"$(SRCROOT)/.xcode.env.local",
				"$(SRCROOT)/.xcode.env",
			);
			name = "Bundle React Native code and images";
			outputPaths = (
			);
			runOnlyForDeploymentPostprocessing = 0;
			shellPath = /bin/sh;
			shellScript = "set -e\n\nWITH_ENVIRONMENT=\"../node_modules/react-native/scripts/xcode/with-environment.sh\"\nREACT_NATIVE_XCODE=\"../node_modules/react-native/scripts/react-native-xcode.sh\"\n\n/bin/sh -c \"$WITH_ENVIRONMENT $REACT_NATIVE_XCODE\"\n";
		};
		00EEFC60759A1932668264C0 /* [CP] Embed Pods Frameworks */ = {
			isa = PBXShellScriptBuildPhase;
			buildActionMask = 2147483647;
			files = (
			);
			inputFileListPaths = (
				"${PODS_ROOT}/Target Support Files/Pods-app_core/Pods-app_core-frameworks-${CONFIGURATION}-input-files.xcfilelist",
			);
			name = "[CP] Embed Pods Frameworks";
			outputFileListPaths = (
				"${PODS_ROOT}/Target Support Files/Pods-app_core/Pods-app_core-frameworks-${CONFIGURATION}-output-files.xcfilelist",
			);
			runOnlyForDeploymentPostprocessing = 0;
			shellPath = /bin/sh;
			shellScript = "\"${PODS_ROOT}/Target Support Files/Pods-app_core/Pods-app_core-frameworks.sh\"\n";
			showEnvVarsInLog = 0;
		};
		A55EABD7B0C7F3A422A6CC61 /* [CP] Check Pods Manifest.lock */ = {
			isa = PBXShellScriptBuildPhase;
			buildActionMask = 2147483647;
			files = (
			);
			inputFileListPaths = (
			);
			inputPaths = (
				"${PODS_PODFILE_DIR_PATH}/Podfile.lock",
				"${PODS_ROOT}/Manifest.lock",
			);
			name = "[CP] Check Pods Manifest.lock";
			outputFileListPaths = (
			);
			outputPaths = (
				"$(DERIVED_FILE_DIR)/Pods-app_core-app_coreTests-checkManifestLockResult.txt",
			);
			runOnlyForDeploymentPostprocessing = 0;
			shellPath = /bin/sh;
			shellScript = "diff \"${PODS_PODFILE_DIR_PATH}/Podfile.lock\" \"${PODS_ROOT}/Manifest.lock\" > /dev/null\nif [ $? != 0 ] ; then\n    # print error to STDERR\n    echo \"error: The sandbox is not in sync with the Podfile.lock. Run 'pod install' or update your CocoaPods installation.\" >&2\n    exit 1\nfi\n# This output is used by Xcode 'outputs' to avoid re-running this script phase.\necho \"SUCCESS\" > \"${SCRIPT_OUTPUT_FILE_0}\"\n";
			showEnvVarsInLog = 0;
		};
		C38B50BA6285516D6DCD4F65 /* [CP] Check Pods Manifest.lock */ = {
			isa = PBXShellScriptBuildPhase;
			buildActionMask = 2147483647;
			files = (
			);
			inputFileListPaths = (
			);
			inputPaths = (
				"${PODS_PODFILE_DIR_PATH}/Podfile.lock",
				"${PODS_ROOT}/Manifest.lock",
			);
			name = "[CP] Check Pods Manifest.lock";
			outputFileListPaths = (
			);
			outputPaths = (
				"$(DERIVED_FILE_DIR)/Pods-app_core-checkManifestLockResult.txt",
			);
			runOnlyForDeploymentPostprocessing = 0;
			shellPath = /bin/sh;
			shellScript = "diff \"${PODS_PODFILE_DIR_PATH}/Podfile.lock\" \"${PODS_ROOT}/Manifest.lock\" > /dev/null\nif [ $? != 0 ] ; then\n    # print error to STDERR\n    echo \"error: The sandbox is not in sync with the Podfile.lock. Run 'pod install' or update your CocoaPods installation.\" >&2\n    exit 1\nfi\n# This output is used by Xcode 'outputs' to avoid re-running this script phase.\necho \"SUCCESS\" > \"${SCRIPT_OUTPUT_FILE_0}\"\n";
			showEnvVarsInLog = 0;
		};
		C59DA0FBD6956966B86A3779 /* [CP] Embed Pods Frameworks */ = {
			isa = PBXShellScriptBuildPhase;
			buildActionMask = 2147483647;
			files = (
			);
			inputFileListPaths = (
				"${PODS_ROOT}/Target Support Files/Pods-app_core-app_coreTests/Pods-app_core-app_coreTests-frameworks-${CONFIGURATION}-input-files.xcfilelist",
			);
			name = "[CP] Embed Pods Frameworks";
			outputFileListPaths = (
				"${PODS_ROOT}/Target Support Files/Pods-app_core-app_coreTests/Pods-app_core-app_coreTests-frameworks-${CONFIGURATION}-output-files.xcfilelist",
			);
			runOnlyForDeploymentPostprocessing = 0;
			shellPath = /bin/sh;
			shellScript = "\"${PODS_ROOT}/Target Support Files/Pods-app_core-app_coreTests/Pods-app_core-app_coreTests-frameworks.sh\"\n";
			showEnvVarsInLog = 0;
		};
		E235C05ADACE081382539298 /* [CP] Copy Pods Resources */ = {
			isa = PBXShellScriptBuildPhase;
			buildActionMask = 2147483647;
			files = (
			);
			inputFileListPaths = (
				"${PODS_ROOT}/Target Support Files/Pods-app_core/Pods-app_core-resources-${CONFIGURATION}-input-files.xcfilelist",
			);
			name = "[CP] Copy Pods Resources";
			outputFileListPaths = (
				"${PODS_ROOT}/Target Support Files/Pods-app_core/Pods-app_core-resources-${CONFIGURATION}-output-files.xcfilelist",
			);
			runOnlyForDeploymentPostprocessing = 0;
			shellPath = /bin/sh;
			shellScript = "\"${PODS_ROOT}/Target Support Files/Pods-app_core/Pods-app_core-resources.sh\"\n";
			showEnvVarsInLog = 0;
		};
		F6A41C54EA430FDDC6A6ED99 /* [CP] Copy Pods Resources */ = {
			isa = PBXShellScriptBuildPhase;
			buildActionMask = 2147483647;
			files = (
			);
			inputFileListPaths = (
				"${PODS_ROOT}/Target Support Files/Pods-app_core-app_coreTests/Pods-app_core-app_coreTests-resources-${CONFIGURATION}-input-files.xcfilelist",
			);
			name = "[CP] Copy Pods Resources";
			outputFileListPaths = (
				"${PODS_ROOT}/Target Support Files/Pods-app_core-app_coreTests/Pods-app_core-app_coreTests-resources-${CONFIGURATION}-output-files.xcfilelist",
			);
			runOnlyForDeploymentPostprocessing = 0;
			shellPath = /bin/sh;
			shellScript = "\"${PODS_ROOT}/Target Support Files/Pods-app_core-app_coreTests/Pods-app_core-app_coreTests-resources.sh\"\n";
			showEnvVarsInLog = 0;
		};
		FD10A7F022414F080027D42C /* Start Packager */ = {
			isa = PBXShellScriptBuildPhase;
			buildActionMask = 2147483647;
			files = (
			);
			inputFileListPaths = (
			);
			inputPaths = (
			);
			name = "Start Packager";
			outputFileListPaths = (
			);
			outputPaths = (
			);
			runOnlyForDeploymentPostprocessing = 0;
			shellPath = /bin/sh;
			shellScript = "export RCT_METRO_PORT=\"${RCT_METRO_PORT:=8081}\"\necho \"export RCT_METRO_PORT=${RCT_METRO_PORT}\" > \"${SRCROOT}/../node_modules/react-native/scripts/.packager.env\"\nif [ -z \"${RCT_NO_LAUNCH_PACKAGER+xxx}\" ] ; then\n  if nc -w 5 -z localhost ${RCT_METRO_PORT} ; then\n    if ! curl -s \"http://localhost:${RCT_METRO_PORT}/status\" | grep -q \"packager-status:running\" ; then\n      echo \"Port ${RCT_METRO_PORT} already in use, packager is either not running or not running correctly\"\n      exit 2\n    fi\n  else\n    open \"$SRCROOT/../node_modules/react-native/scripts/launchPackager.command\" || echo \"Can't start packager automatically\"\n  fi\nfi\n";
			showEnvVarsInLog = 0;
		};
/* End PBXShellScriptBuildPhase section */

/* Begin PBXSourcesBuildPhase section */
		00E356EA1AD99517003FC87E /* Sources */ = {
			isa = PBXSourcesBuildPhase;
			buildActionMask = 2147483647;
			files = (
				00E356F31AD99517003FC87E /* app_coreTests.m in Sources */,
			);
			runOnlyForDeploymentPostprocessing = 0;
		};
		13B07F871A680F5B00A75B9A /* Sources */ = {
			isa = PBXSourcesBuildPhase;
			buildActionMask = 2147483647;
			files = (
				13B07FBC1A68108700A75B9A /* AppDelegate.mm in Sources */,
				13B07FC11A68108700A75B9A /* main.m in Sources */,
			);
			runOnlyForDeploymentPostprocessing = 0;
		};
/* End PBXSourcesBuildPhase section */

/* Begin PBXTargetDependency section */
		00E356F51AD99517003FC87E /* PBXTargetDependency */ = {
			isa = PBXTargetDependency;
			target = 13B07F861A680F5B00A75B9A /* app_core */;
			targetProxy = 00E356F41AD99517003FC87E /* PBXContainerItemProxy */;
		};
/* End PBXTargetDependency section */

/* Begin XCBuildConfiguration section */
		00E356F61AD99517003FC87E /* Debug */ = {
			isa = XCBuildConfiguration;
			baseConfigurationReference = 5B7EB9410499542E8C5724F5 /* Pods-app_core-app_coreTests.debug.xcconfig */;
			buildSettings = {
				BUNDLE_LOADER = "$(TEST_HOST)";
				GCC_PREPROCESSOR_DEFINITIONS = (
					"DEBUG=1",
					"$(inherited)",
				);
				INFOPLIST_FILE = app_coreTests/Info.plist;
				IPHONEOS_DEPLOYMENT_TARGET = 12.4;
				LD_RUNPATH_SEARCH_PATHS = (
					"$(inherited)",
					"@executable_path/Frameworks",
					"@loader_path/Frameworks",
				);
				OTHER_LDFLAGS = (
					"-ObjC",
					"-lc++",
					"$(inherited)",
				);
				PRODUCT_BUNDLE_IDENTIFIER = "org.reactjs.native.example.$(PRODUCT_NAME:rfc1034identifier)";
				PRODUCT_NAME = "$(TARGET_NAME)";
				TEST_HOST = "$(BUILT_PRODUCTS_DIR)/app_core.app/app_core";
			};
			name = Debug;
		};
		00E356F71AD99517003FC87E /* Release */ = {
			isa = XCBuildConfiguration;
			baseConfigurationReference = 89C6BE57DB24E9ADA2F236DE /* Pods-app_core-app_coreTests.release.xcconfig */;
			buildSettings = {
				BUNDLE_LOADER = "$(TEST_HOST)";
				COPY_PHASE_STRIP = NO;
				INFOPLIST_FILE = app_coreTests/Info.plist;
				IPHONEOS_DEPLOYMENT_TARGET = 12.4;
				LD_RUNPATH_SEARCH_PATHS = (
					"$(inherited)",
					"@executable_path/Frameworks",
					"@loader_path/Frameworks",
				);
				OTHER_LDFLAGS = (
					"-ObjC",
					"-lc++",
					"$(inherited)",
				);
				PRODUCT_BUNDLE_IDENTIFIER = "org.reactjs.native.example.$(PRODUCT_NAME:rfc1034identifier)";
				PRODUCT_NAME = "$(TARGET_NAME)";
				TEST_HOST = "$(BUILT_PRODUCTS_DIR)/app_core.app/app_core";
			};
			name = Release;
		};
		13B07F941A680F5B00A75B9A /* Debug */ = {
			isa = XCBuildConfiguration;
			baseConfigurationReference = 3B4392A12AC88292D35C810B /* Pods-app_core.debug.xcconfig */;
			buildSettings = {
				ASSETCATALOG_COMPILER_APPICON_NAME = AppIcon;
				CLANG_ENABLE_MODULES = YES;
				CURRENT_PROJECT_VERSION = 1;
				ENABLE_BITCODE = NO;
				INFOPLIST_FILE = app_core/Info.plist;
				LD_RUNPATH_SEARCH_PATHS = (
					"$(inherited)",
					"@executable_path/Frameworks",
				);
				MARKETING_VERSION = 1.0;
				OTHER_LDFLAGS = (
					"$(inherited)",
					"-ObjC",
					"-lc++",
				);
				PRODUCT_BUNDLE_IDENTIFIER = "org.reactjs.native.example.$(PRODUCT_NAME:rfc1034identifier)";
				PRODUCT_NAME = app_core;
				SWIFT_OPTIMIZATION_LEVEL = "-Onone";
				SWIFT_VERSION = 5.0;
				VERSIONING_SYSTEM = "apple-generic";
			};
			name = Debug;
		};
		13B07F951A680F5B00A75B9A /* Release */ = {
			isa = XCBuildConfiguration;
			baseConfigurationReference = 5709B34CF0A7D63546082F79 /* Pods-app_core.release.xcconfig */;
			buildSettings = {
				ASSETCATALOG_COMPILER_APPICON_NAME = AppIcon;
				CLANG_ENABLE_MODULES = YES;
				CURRENT_PROJECT_VERSION = 1;
				INFOPLIST_FILE = app_core/Info.plist;
				LD_RUNPATH_SEARCH_PATHS = (
					"$(inherited)",
					"@executable_path/Frameworks",
				);
				MARKETING_VERSION = 1.0;
				OTHER_LDFLAGS = (
					"$(inherited)",
					"-ObjC",
					"-lc++",
				);
				PRODUCT_BUNDLE_IDENTIFIER = "org.reactjs.native.example.$(PRODUCT_NAME:rfc1034identifier)";
				PRODUCT_NAME = app_core;
				SWIFT_VERSION = 5.0;
				VERSIONING_SYSTEM = "apple-generic";
			};
			name = Release;
		};
		83CBBA201A601CBA00E9B192 /* Debug */ = {
			isa = XCBuildConfiguration;
			buildSettings = {
				ALWAYS_SEARCH_USER_PATHS = NO;
				CLANG_ANALYZER_LOCALIZABILITY_NONLOCALIZED = YES;
				CLANG_CXX_LANGUAGE_STANDARD = "c++17";
				CLANG_CXX_LIBRARY = "libc++";
				CLANG_ENABLE_MODULES = YES;
				CLANG_ENABLE_OBJC_ARC = YES;
				CLANG_WARN_BLOCK_CAPTURE_AUTORELEASING = YES;
				CLANG_WARN_BOOL_CONVERSION = YES;
				CLANG_WARN_COMMA = YES;
				CLANG_WARN_CONSTANT_CONVERSION = YES;
				CLANG_WARN_DEPRECATED_OBJC_IMPLEMENTATIONS = YES;
				CLANG_WARN_DIRECT_OBJC_ISA_USAGE = YES_ERROR;
				CLANG_WARN_EMPTY_BODY = YES;
				CLANG_WARN_ENUM_CONVERSION = YES;
				CLANG_WARN_INFINITE_RECURSION = YES;
				CLANG_WARN_INT_CONVERSION = YES;
				CLANG_WARN_NON_LITERAL_NULL_CONVERSION = YES;
				CLANG_WARN_OBJC_IMPLICIT_RETAIN_SELF = YES;
				CLANG_WARN_OBJC_LITERAL_CONVERSION = YES;
				CLANG_WARN_OBJC_ROOT_CLASS = YES_ERROR;
				CLANG_WARN_QUOTED_INCLUDE_IN_FRAMEWORK_HEADER = YES;
				CLANG_WARN_RANGE_LOOP_ANALYSIS = YES;
				CLANG_WARN_STRICT_PROTOTYPES = YES;
				CLANG_WARN_SUSPICIOUS_MOVE = YES;
				CLANG_WARN_UNREACHABLE_CODE = YES;
				CLANG_WARN__DUPLICATE_METHOD_MATCH = YES;
				"CODE_SIGN_IDENTITY[sdk=iphoneos*]" = "iPhone Developer";
				COPY_PHASE_STRIP = NO;
				ENABLE_STRICT_OBJC_MSGSEND = YES;
				ENABLE_TESTABILITY = YES;
				"EXCLUDED_ARCHS[sdk=iphonesimulator*]" = "";
				GCC_C_LANGUAGE_STANDARD = gnu99;
				GCC_DYNAMIC_NO_PIC = NO;
				GCC_NO_COMMON_BLOCKS = YES;
				GCC_OPTIMIZATION_LEVEL = 0;
				GCC_PREPROCESSOR_DEFINITIONS = (
					"DEBUG=1",
					"$(inherited)",
				);
				GCC_SYMBOLS_PRIVATE_EXTERN = NO;
				GCC_WARN_64_TO_32_BIT_CONVERSION = YES;
				GCC_WARN_ABOUT_RETURN_TYPE = YES_ERROR;
				GCC_WARN_UNDECLARED_SELECTOR = YES;
				GCC_WARN_UNINITIALIZED_AUTOS = YES_AGGRESSIVE;
				GCC_WARN_UNUSED_FUNCTION = YES;
				GCC_WARN_UNUSED_VARIABLE = YES;
				IPHONEOS_DEPLOYMENT_TARGET = 12.4;
				LD_RUNPATH_SEARCH_PATHS = (
					/usr/lib/swift,
					"$(inherited)",
				);
				LIBRARY_SEARCH_PATHS = (
					"\"$(SDKROOT)/usr/lib/swift\"",
					"\"$(TOOLCHAIN_DIR)/usr/lib/swift/$(PLATFORM_NAME)\"",
					"\"$(inherited)\"",
				);
				MTL_ENABLE_DEBUG_INFO = YES;
				ONLY_ACTIVE_ARCH = YES;
				OTHER_CPLUSPLUSFLAGS = (
					"$(OTHER_CFLAGS)",
					"-DFOLLY_NO_CONFIG",
					"-DFOLLY_MOBILE=1",
					"-DFOLLY_USE_LIBCPP=1",
				);
				SDKROOT = iphoneos;
			};
			name = Debug;
		};
		83CBBA211A601CBA00E9B192 /* Release */ = {
			isa = XCBuildConfiguration;
			buildSettings = {
				ALWAYS_SEARCH_USER_PATHS = NO;
				CLANG_ANALYZER_LOCALIZABILITY_NONLOCALIZED = YES;
				CLANG_CXX_LANGUAGE_STANDARD = "c++17";
				CLANG_CXX_LIBRARY = "libc++";
				CLANG_ENABLE_MODULES = YES;
				CLANG_ENABLE_OBJC_ARC = YES;
				CLANG_WARN_BLOCK_CAPTURE_AUTORELEASING = YES;
				CLANG_WARN_BOOL_CONVERSION = YES;
				CLANG_WARN_COMMA = YES;
				CLANG_WARN_CONSTANT_CONVERSION = YES;
				CLANG_WARN_DEPRECATED_OBJC_IMPLEMENTATIONS = YES;
				CLANG_WARN_DIRECT_OBJC_ISA_USAGE = YES_ERROR;
				CLANG_WARN_EMPTY_BODY = YES;
				CLANG_WARN_ENUM_CONVERSION = YES;
				CLANG_WARN_INFINITE_RECURSION = YES;
				CLANG_WARN_INT_CONVERSION = YES;
				CLANG_WARN_NON_LITERAL_NULL_CONVERSION = YES;
				CLANG_WARN_OBJC_IMPLICIT_RETAIN_SELF = YES;
				CLANG_WARN_OBJC_LITERAL_CONVERSION = YES;
				CLANG_WARN_OBJC_ROOT_CLASS = YES_ERROR;
				CLANG_WARN_QUOTED_INCLUDE_IN_FRAMEWORK_HEADER = YES;
				CLANG_WARN_RANGE_LOOP_ANALYSIS = YES;
				CLANG_WARN_STRICT_PROTOTYPES = YES;
				CLANG_WARN_SUSPICIOUS_MOVE = YES;
				CLANG_WARN_UNREACHABLE_CODE = YES;
				CLANG_WARN__DUPLICATE_METHOD_MATCH = YES;
				"CODE_SIGN_IDENTITY[sdk=iphoneos*]" = "iPhone Developer";
				COPY_PHASE_STRIP = YES;
				ENABLE_NS_ASSERTIONS = NO;
				ENABLE_STRICT_OBJC_MSGSEND = YES;
				"EXCLUDED_ARCHS[sdk=iphonesimulator*]" = "";
				GCC_C_LANGUAGE_STANDARD = gnu99;
				GCC_NO_COMMON_BLOCKS = YES;
				GCC_WARN_64_TO_32_BIT_CONVERSION = YES;
				GCC_WARN_ABOUT_RETURN_TYPE = YES_ERROR;
				GCC_WARN_UNDECLARED_SELECTOR = YES;
				GCC_WARN_UNINITIALIZED_AUTOS = YES_AGGRESSIVE;
				GCC_WARN_UNUSED_FUNCTION = YES;
				GCC_WARN_UNUSED_VARIABLE = YES;
				IPHONEOS_DEPLOYMENT_TARGET = 12.4;
				LD_RUNPATH_SEARCH_PATHS = (
					/usr/lib/swift,
					"$(inherited)",
				);
				LIBRARY_SEARCH_PATHS = (
					"\"$(SDKROOT)/usr/lib/swift\"",
					"\"$(TOOLCHAIN_DIR)/usr/lib/swift/$(PLATFORM_NAME)\"",
					"\"$(inherited)\"",
				);
				MTL_ENABLE_DEBUG_INFO = NO;
				OTHER_CPLUSPLUSFLAGS = (
					"$(OTHER_CFLAGS)",
					"-DFOLLY_NO_CONFIG",
					"-DFOLLY_MOBILE=1",
					"-DFOLLY_USE_LIBCPP=1",
				);
				SDKROOT = iphoneos;
				VALIDATE_PRODUCT = YES;
			};
			name = Release;
		};
/* End XCBuildConfiguration section */

/* Begin XCConfigurationList section */
		00E357021AD99517003FC87E /* Build configuration list for PBXNativeTarget "app_coreTests" */ = {
			isa = XCConfigurationList;
			buildConfigurations = (
				00E356F61AD99517003FC87E /* Debug */,
				00E356F71AD99517003FC87E /* Release */,
			);
			defaultConfigurationIsVisible = 0;
			defaultConfigurationName = Release;
		};
		13B07F931A680F5B00A75B9A /* Build configuration list for PBXNativeTarget "app_core" */ = {
			isa = XCConfigurationList;
			buildConfigurations = (
				13B07F941A680F5B00A75B9A /* Debug */,
				13B07F951A680F5B00A75B9A /* Release */,
			);
			defaultConfigurationIsVisible = 0;
			defaultConfigurationName = Release;
		};
		83CBB9FA1A601CBA00E9B192 /* Build configuration list for PBXProject "app_core" */ = {
			isa = XCConfigurationList;
			buildConfigurations = (
				83CBBA201A601CBA00E9B192 /* Debug */,
				83CBBA211A601CBA00E9B192 /* Release */,
			);
			defaultConfigurationIsVisible = 0;
			defaultConfigurationName = Release;
		};
/* End XCConfigurationList section */
	};
	rootObject = 83CBB9F71A601CBA00E9B192 /* Project object */;
}
